{
    "name": "com.example.hellofirebase",
    "version": "1.0.0",
    "lockfileVersion": 1,
    "requires": true,
    "dependencies": {
        "cordova-plugin-firebase-analytics": {
            "version": "0.12.1",
            "resolved": "https://registry.npmjs.org/cordova-plugin-firebase-analytics/-/cordova-plugin-firebase-analytics-0.12.1.tgz",
            "integrity": "sha1-PjCLzK+LyHeKp5Gm69qZZ3I9xOQ="
        }
    }
}
